# This file is automatically @generated by Cargo.
# It is not intended for manual editing.
version = 4

[[package]]
name = "api_gateway"
version = "0.1.0"

[[package]]
name = "data_persistor"
version = "0.1.0"

[[package]]
name = "health_service"
version = "0.1.0"

[[package]]
name = "libs"
version = "0.1.0"

[[package]]
name = "shorts_service"
version = "0.1.0"
